{
  "nodes": {
    "avUtils": {
      "flake": false,
      "locked": {
        "lastModified": 1758632750,
        "narHash": "sha256-TPwS66serRWGEE7spOqkVbUp+OP8roeW3S1zLjZLE8I=",
        "owner": "jojo7682345",
        "repo": "avUtils",
        "rev": "bbc008cdef5b497a851077965e7d7488cdf03710",
        "type": "github"
      },
      "original": {
        "owner": "jojo7682345",
        "repo": "avUtils",
        "type": "github"
      }
    },
    "nixpkgs": {
      "locked": {
        "lastModified": 1759036355,
        "narHash": "sha256-0m27AKv6ka+q270dw48KflE0LwQYrO7Fm4/2//KCVWg=",
        "owner": "NixOS",
        "repo": "nixpkgs",
        "rev": "e9f00bd893984bc8ce46c895c3bf7cac95331127",
        "type": "github"
      },
      "original": {
        "owner": "NixOS",
        "ref": "nixos-unstable",
        "repo": "nixpkgs",
        "type": "github"
      }
    },
    "root": {
      "inputs": {
        "avUtils": "avUtils",
        "nixpkgs": "nixpkgs"
      }
    }
  },
  "root": "root",
  "version": 7
}
