{
  "nodes": {
    "avUtils": {
      "flake": false,
      "locked": {
        "lastModified": 1761299158,
        "narHash": "sha256-dOUmkvsoslZjTNhVYmQ5fDgdNKXqdA3aQ+LAscPWj/Q=",
        "owner": "jojo7682345",
        "repo": "avUtils",
        "rev": "e141c3a513297666d6a5a84984410c6f605d1ec2",
        "type": "github"
      },
      "original": {
        "owner": "jojo7682345",
        "repo": "avUtils",
        "type": "github"
      }
    },
    "nixpkgs": {
      "locked": {
        "lastModified": 1761114652,
        "narHash": "sha256-f/QCJM/YhrV/lavyCVz8iU3rlZun6d+dAiC3H+CDle4=",
        "owner": "NixOS",
        "repo": "nixpkgs",
        "rev": "01f116e4df6a15f4ccdffb1bcd41096869fb385c",
        "type": "github"
      },
      "original": {
        "owner": "NixOS",
        "ref": "nixos-unstable",
        "repo": "nixpkgs",
        "type": "github"
      }
    },
    "root": {
      "inputs": {
        "avUtils": "avUtils",
        "nixpkgs": "nixpkgs"
      }
    }
  },
  "root": "root",
  "version": 7
}
