{
  "nodes": {
    "avUtils": {
      "flake": false,
      "locked": {
        "lastModified": 1779633076,
        "narHash": "sha256-gOkHqLFan61vE0Zlpi9uA9UIvTZM7JAzgSADZahZAXA=",
        "owner": "jojo7682345",
        "repo": "avUtils",
        "rev": "d56a13091bcb6a8c38d6e91f11a110663988bf89",
        "type": "github"
      },
      "original": {
        "owner": "jojo7682345",
        "repo": "avUtils",
        "type": "github"
      }
    },
    "nixpkgs": {
      "locked": {
        "lastModified": 1785828668,
        "narHash": "sha256-8fsyqeO+mJqvIzeO4xIpgJe/f7MTbbVTEC6RT6WSXNs=",
        "owner": "NixOS",
        "repo": "nixpkgs",
        "rev": "e72e4f299401a3689d4b3d5fc6496b11db7064eb",
        "type": "github"
      },
      "original": {
        "owner": "NixOS",
        "ref": "nixos-unstable",
        "repo": "nixpkgs",
        "type": "github"
      }
    },
    "root": {
      "inputs": {
        "avUtils": "avUtils",
        "nixpkgs": "nixpkgs"
      }
    }
  },
  "root": "root",
  "version": 7
}
